
Microsoft Visual Studio Solution File, Format Version 12.00
# Visual Studio Version 17
VisualStudioVersion = 17.8.34525.116
MinimumVisualStudioVersion = 10.0.40219.1
Project("{2150E333-8FDC-42A3-9474-1A3956D46DE8}") = "type-conversion", "type-conversion", "{7AB5FD58-A91F-44CF-B844-5CAEE83020BC}"
EndProject
Project("{9A19103F-16F7-4668-BE54-9A1E7A4F7556}") = "integer-to-decimal", "integer-to-decimal\integer-to-decimal.csproj", "{7E0D6547-7FDB-49A5-B278-9244F7901942}"
EndProject
Project("{9A19103F-16F7-4668-BE54-9A1E7A4F7556}") = "decimal-to-float", "decimal-to-float\decimal-to-float.csproj", "{57632E3D-35A2-4A9E-85BC-8C147B419F10}"
EndProject
Project("{9A19103F-16F7-4668-BE54-9A1E7A4F7556}") = "float-to-integer", "float-to-integer\float-to-integer.csproj", "{4E08DE51-3803-405E-A483-FE5FA2A99067}"
EndProject
Project("{9A19103F-16F7-4668-BE54-9A1E7A4F7556}") = "character-to-integer", "character-to-integer\character-to-integer.csproj", "{2105EFA5-0C66-484D-AD94-CD314CE8E203}"
EndProject
Project("{9A19103F-16F7-4668-BE54-9A1E7A4F7556}") = "integer-to-character", "integer-to-character\integer-to-character.csproj", "{0E91ABD5-015F-4A61-A9EB-8832D463EC1C}"
EndProject
Project("{2150E333-8FDC-42A3-9474-1A3956D46DE8}") = "operations-with-data-types", "operations-with-data-types", "{8E1FF227-307E-48EF-BE25-292A65558EE5}"
EndProject
Project("{FAE04EC0-301F-11D3-BF4B-00C04F79EFBC}") = "sum-of-integers", "sum-of-integers\sum-of-integers.csproj", "{33ED44A9-1084-4421-9951-DEA7584C7F85}"
EndProject
Project("{FAE04EC0-301F-11D3-BF4B-00C04F79EFBC}") = "subtraction-of-decimal", "subtraction-of-decimal\subtraction-of-decimal.csproj", "{903EF1AD-BF65-40A2-A959-8A15413F7A5C}"
EndProject
Project("{FAE04EC0-301F-11D3-BF4B-00C04F79EFBC}") = "multiplication-of-float", "multiplication-of-float\multiplication-of-float.csproj", "{E4620370-5549-4BA9-BD1C-EE64779217FC}"
EndProject
Project("{FAE04EC0-301F-11D3-BF4B-00C04F79EFBC}") = "division-of-integer", "division-of-integer\division-of-integer.csproj", "{3C9EA9BD-9131-452B-B463-82C022815667}"
EndProject
Project("{FAE04EC0-301F-11D3-BF4B-00C04F79EFBC}") = "module-of-integers", "module-of-integers\module-of-integers.csproj", "{DC7131F0-B46A-43B8-8BEE-EA042F5953C5}"
EndProject
Project("{2150E333-8FDC-42A3-9474-1A3956D46DE8}") = "using-char-and-string", "using-char-and-string", "{F29C0792-A54A-4789-996E-AFF92F4A6CB7}"
EndProject
Project("{FAE04EC0-301F-11D3-BF4B-00C04F79EFBC}") = "string-to-upper", "string-to-upper\string-to-upper.csproj", "{C17C244C-B4FC-4BF5-828E-42F686ECB0B4}"
EndProject
Global
	GlobalSection(SolutionConfigurationPlatforms) = preSolution
		Debug|Any CPU = Debug|Any CPU
		Release|Any CPU = Release|Any CPU
	EndGlobalSection
	GlobalSection(ProjectConfigurationPlatforms) = postSolution
		{7E0D6547-7FDB-49A5-B278-9244F7901942}.Debug|Any CPU.ActiveCfg = Debug|Any CPU
		{7E0D6547-7FDB-49A5-B278-9244F7901942}.Debug|Any CPU.Build.0 = Debug|Any CPU
		{7E0D6547-7FDB-49A5-B278-9244F7901942}.Release|Any CPU.ActiveCfg = Release|Any CPU
		{7E0D6547-7FDB-49A5-B278-9244F7901942}.Release|Any CPU.Build.0 = Release|Any CPU
		{57632E3D-35A2-4A9E-85BC-8C147B419F10}.Debug|Any CPU.ActiveCfg = Debug|Any CPU
		{57632E3D-35A2-4A9E-85BC-8C147B419F10}.Debug|Any CPU.Build.0 = Debug|Any CPU
		{57632E3D-35A2-4A9E-85BC-8C147B419F10}.Release|Any CPU.ActiveCfg = Release|Any CPU
		{57632E3D-35A2-4A9E-85BC-8C147B419F10}.Release|Any CPU.Build.0 = Release|Any CPU
		{4E08DE51-3803-405E-A483-FE5FA2A99067}.Debug|Any CPU.ActiveCfg = Debug|Any CPU
		{4E08DE51-3803-405E-A483-FE5FA2A99067}.Debug|Any CPU.Build.0 = Debug|Any CPU
		{4E08DE51-3803-405E-A483-FE5FA2A99067}.Release|Any CPU.ActiveCfg = Release|Any CPU
		{4E08DE51-3803-405E-A483-FE5FA2A99067}.Release|Any CPU.Build.0 = Release|Any CPU
		{2105EFA5-0C66-484D-AD94-CD314CE8E203}.Debug|Any CPU.ActiveCfg = Debug|Any CPU
		{2105EFA5-0C66-484D-AD94-CD314CE8E203}.Debug|Any CPU.Build.0 = Debug|Any CPU
		{2105EFA5-0C66-484D-AD94-CD314CE8E203}.Release|Any CPU.ActiveCfg = Release|Any CPU
		{2105EFA5-0C66-484D-AD94-CD314CE8E203}.Release|Any CPU.Build.0 = Release|Any CPU
		{0E91ABD5-015F-4A61-A9EB-8832D463EC1C}.Debug|Any CPU.ActiveCfg = Debug|Any CPU
		{0E91ABD5-015F-4A61-A9EB-8832D463EC1C}.Debug|Any CPU.Build.0 = Debug|Any CPU
		{0E91ABD5-015F-4A61-A9EB-8832D463EC1C}.Release|Any CPU.ActiveCfg = Release|Any CPU
		{0E91ABD5-015F-4A61-A9EB-8832D463EC1C}.Release|Any CPU.Build.0 = Release|Any CPU
		{33ED44A9-1084-4421-9951-DEA7584C7F85}.Debug|Any CPU.ActiveCfg = Debug|Any CPU
		{33ED44A9-1084-4421-9951-DEA7584C7F85}.Debug|Any CPU.Build.0 = Debug|Any CPU
		{33ED44A9-1084-4421-9951-DEA7584C7F85}.Release|Any CPU.ActiveCfg = Release|Any CPU
		{33ED44A9-1084-4421-9951-DEA7584C7F85}.Release|Any CPU.Build.0 = Release|Any CPU
		{903EF1AD-BF65-40A2-A959-8A15413F7A5C}.Debug|Any CPU.ActiveCfg = Debug|Any CPU
		{903EF1AD-BF65-40A2-A959-8A15413F7A5C}.Debug|Any CPU.Build.0 = Debug|Any CPU
		{903EF1AD-BF65-40A2-A959-8A15413F7A5C}.Release|Any CPU.ActiveCfg = Release|Any CPU
		{903EF1AD-BF65-40A2-A959-8A15413F7A5C}.Release|Any CPU.Build.0 = Release|Any CPU
		{E4620370-5549-4BA9-BD1C-EE64779217FC}.Debug|Any CPU.ActiveCfg = Debug|Any CPU
		{E4620370-5549-4BA9-BD1C-EE64779217FC}.Debug|Any CPU.Build.0 = Debug|Any CPU
		{E4620370-5549-4BA9-BD1C-EE64779217FC}.Release|Any CPU.ActiveCfg = Release|Any CPU
		{E4620370-5549-4BA9-BD1C-EE64779217FC}.Release|Any CPU.Build.0 = Release|Any CPU
		{3C9EA9BD-9131-452B-B463-82C022815667}.Debug|Any CPU.ActiveCfg = Debug|Any CPU
		{3C9EA9BD-9131-452B-B463-82C022815667}.Debug|Any CPU.Build.0 = Debug|Any CPU
		{3C9EA9BD-9131-452B-B463-82C022815667}.Release|Any CPU.ActiveCfg = Release|Any CPU
		{3C9EA9BD-9131-452B-B463-82C022815667}.Release|Any CPU.Build.0 = Release|Any CPU
		{DC7131F0-B46A-43B8-8BEE-EA042F5953C5}.Debug|Any CPU.ActiveCfg = Debug|Any CPU
		{DC7131F0-B46A-43B8-8BEE-EA042F5953C5}.Debug|Any CPU.Build.0 = Debug|Any CPU
		{DC7131F0-B46A-43B8-8BEE-EA042F5953C5}.Release|Any CPU.ActiveCfg = Release|Any CPU
		{DC7131F0-B46A-43B8-8BEE-EA042F5953C5}.Release|Any CPU.Build.0 = Release|Any CPU
		{C17C244C-B4FC-4BF5-828E-42F686ECB0B4}.Debug|Any CPU.ActiveCfg = Debug|Any CPU
		{C17C244C-B4FC-4BF5-828E-42F686ECB0B4}.Debug|Any CPU.Build.0 = Debug|Any CPU
		{C17C244C-B4FC-4BF5-828E-42F686ECB0B4}.Release|Any CPU.ActiveCfg = Release|Any CPU
		{C17C244C-B4FC-4BF5-828E-42F686ECB0B4}.Release|Any CPU.Build.0 = Release|Any CPU
	EndGlobalSection
	GlobalSection(SolutionProperties) = preSolution
		HideSolutionNode = FALSE
	EndGlobalSection
	GlobalSection(NestedProjects) = preSolution
		{7E0D6547-7FDB-49A5-B278-9244F7901942} = {7AB5FD58-A91F-44CF-B844-5CAEE83020BC}
		{57632E3D-35A2-4A9E-85BC-8C147B419F10} = {7AB5FD58-A91F-44CF-B844-5CAEE83020BC}
		{4E08DE51-3803-405E-A483-FE5FA2A99067} = {7AB5FD58-A91F-44CF-B844-5CAEE83020BC}
		{2105EFA5-0C66-484D-AD94-CD314CE8E203} = {7AB5FD58-A91F-44CF-B844-5CAEE83020BC}
		{0E91ABD5-015F-4A61-A9EB-8832D463EC1C} = {7AB5FD58-A91F-44CF-B844-5CAEE83020BC}
		{33ED44A9-1084-4421-9951-DEA7584C7F85} = {8E1FF227-307E-48EF-BE25-292A65558EE5}
		{903EF1AD-BF65-40A2-A959-8A15413F7A5C} = {8E1FF227-307E-48EF-BE25-292A65558EE5}
		{E4620370-5549-4BA9-BD1C-EE64779217FC} = {8E1FF227-307E-48EF-BE25-292A65558EE5}
		{3C9EA9BD-9131-452B-B463-82C022815667} = {8E1FF227-307E-48EF-BE25-292A65558EE5}
		{DC7131F0-B46A-43B8-8BEE-EA042F5953C5} = {8E1FF227-307E-48EF-BE25-292A65558EE5}
		{C17C244C-B4FC-4BF5-828E-42F686ECB0B4} = {F29C0792-A54A-4789-996E-AFF92F4A6CB7}
	EndGlobalSection
	GlobalSection(ExtensibilityGlobals) = postSolution
		SolutionGuid = {33B4A83B-43B1-42C8-ABEB-B9025F822A3C}
	EndGlobalSection
EndGlobal
